
Microsoft Visual Studio Solution File, Format Version 12.00
# Visual Studio 2012
Project("{D954291E-2A0B-460D-934E-DC6B0785DB48}") = "people", "people\people.shproj", "{CA45B3D4-754A-49AD-A04B-FA7BC1832E58}"
EndProject
Project("{FAE04EC0-301F-11D3-BF4B-00C04F79EFBC}") = "people.iOS", "iOS\people.iOS.csproj", "{9ED06C68-52C0-4418-8053-3E39B8B6102B}"
EndProject
Project("{FAE04EC0-301F-11D3-BF4B-00C04F79EFBC}") = "people.Droid", "Droid\people.Droid.csproj", "{6145C117-70AE-4A78-8F01-8DDF6207D60E}"
EndProject
Project("{FAE04EC0-301F-11D3-BF4B-00C04F79EFBC}") = "people.MobileAppService", "MobileAppService\people.MobileAppService.csproj", "{30526F99-A571-4724-A80E-201559A0E87E}"
EndProject
Global
	GlobalSection(SolutionConfigurationPlatforms) = preSolution
		Debug|iPhoneSimulator = Debug|iPhoneSimulator
		Release|iPhone = Release|iPhone
		Release|iPhoneSimulator = Release|iPhoneSimulator
		Debug|iPhone = Debug|iPhone
		Debug|Any CPU = Debug|Any CPU
		Release|Any CPU = Release|Any CPU
	EndGlobalSection
	GlobalSection(ProjectConfigurationPlatforms) = postSolution
		{9ED06C68-52C0-4418-8053-3E39B8B6102B}.Debug|iPhoneSimulator.ActiveCfg = Debug|iPhoneSimulator
		{9ED06C68-52C0-4418-8053-3E39B8B6102B}.Debug|iPhoneSimulator.Build.0 = Debug|iPhoneSimulator
		{9ED06C68-52C0-4418-8053-3E39B8B6102B}.Release|iPhone.ActiveCfg = Release|iPhone
		{9ED06C68-52C0-4418-8053-3E39B8B6102B}.Release|iPhone.Build.0 = Release|iPhone
		{9ED06C68-52C0-4418-8053-3E39B8B6102B}.Release|iPhoneSimulator.ActiveCfg = Release|iPhoneSimulator
		{9ED06C68-52C0-4418-8053-3E39B8B6102B}.Release|iPhoneSimulator.Build.0 = Release|iPhoneSimulator
		{9ED06C68-52C0-4418-8053-3E39B8B6102B}.Debug|iPhone.ActiveCfg = Debug|iPhone
		{9ED06C68-52C0-4418-8053-3E39B8B6102B}.Debug|iPhone.Build.0 = Debug|iPhone
		{9ED06C68-52C0-4418-8053-3E39B8B6102B}.Debug|Any CPU.ActiveCfg = Debug|iPhoneSimulator
		{9ED06C68-52C0-4418-8053-3E39B8B6102B}.Debug|Any CPU.Build.0 = Debug|iPhoneSimulator
		{9ED06C68-52C0-4418-8053-3E39B8B6102B}.Release|Any CPU.ActiveCfg = Release|iPhone
		{9ED06C68-52C0-4418-8053-3E39B8B6102B}.Release|Any CPU.Build.0 = Release|iPhone
		{6145C117-70AE-4A78-8F01-8DDF6207D60E}.Debug|iPhoneSimulator.ActiveCfg = Debug|Any CPU
		{6145C117-70AE-4A78-8F01-8DDF6207D60E}.Debug|iPhoneSimulator.Build.0 = Debug|Any CPU
		{6145C117-70AE-4A78-8F01-8DDF6207D60E}.Release|iPhone.ActiveCfg = Release|Any CPU
		{6145C117-70AE-4A78-8F01-8DDF6207D60E}.Release|iPhone.Build.0 = Release|Any CPU
		{6145C117-70AE-4A78-8F01-8DDF6207D60E}.Release|iPhoneSimulator.ActiveCfg = Release|Any CPU
		{6145C117-70AE-4A78-8F01-8DDF6207D60E}.Release|iPhoneSimulator.Build.0 = Release|Any CPU
		{6145C117-70AE-4A78-8F01-8DDF6207D60E}.Debug|iPhone.ActiveCfg = Debug|Any CPU
		{6145C117-70AE-4A78-8F01-8DDF6207D60E}.Debug|iPhone.Build.0 = Debug|Any CPU
		{6145C117-70AE-4A78-8F01-8DDF6207D60E}.Debug|Any CPU.ActiveCfg = Debug|Any CPU
		{6145C117-70AE-4A78-8F01-8DDF6207D60E}.Debug|Any CPU.Build.0 = Debug|Any CPU
		{6145C117-70AE-4A78-8F01-8DDF6207D60E}.Release|Any CPU.ActiveCfg = Release|Any CPU
		{6145C117-70AE-4A78-8F01-8DDF6207D60E}.Release|Any CPU.Build.0 = Release|Any CPU
		{30526F99-A571-4724-A80E-201559A0E87E}.Debug|iPhoneSimulator.ActiveCfg = Debug|Any CPU
		{30526F99-A571-4724-A80E-201559A0E87E}.Debug|iPhoneSimulator.Build.0 = Debug|Any CPU
		{30526F99-A571-4724-A80E-201559A0E87E}.Release|iPhone.ActiveCfg = Release|Any CPU
		{30526F99-A571-4724-A80E-201559A0E87E}.Release|iPhone.Build.0 = Release|Any CPU
		{30526F99-A571-4724-A80E-201559A0E87E}.Release|iPhoneSimulator.ActiveCfg = Release|Any CPU
		{30526F99-A571-4724-A80E-201559A0E87E}.Release|iPhoneSimulator.Build.0 = Release|Any CPU
		{30526F99-A571-4724-A80E-201559A0E87E}.Debug|iPhone.ActiveCfg = Debug|Any CPU
		{30526F99-A571-4724-A80E-201559A0E87E}.Debug|iPhone.Build.0 = Debug|Any CPU
		{30526F99-A571-4724-A80E-201559A0E87E}.Debug|Any CPU.ActiveCfg = Debug|Any CPU
		{30526F99-A571-4724-A80E-201559A0E87E}.Debug|Any CPU.Build.0 = Debug|Any CPU
		{30526F99-A571-4724-A80E-201559A0E87E}.Release|Any CPU.ActiveCfg = Release|Any CPU
		{30526F99-A571-4724-A80E-201559A0E87E}.Release|Any CPU.Build.0 = Release|Any CPU
	EndGlobalSection
EndGlobal
